// !$*UTF8*$!
{
	archiveVersion = 1;
	classes = {
	};
	objectVersion = 54;
	objects = {

/* Begin PBXBuildFile section */
		009E860979B947B6A667B5AB /* geomanist-regular-webfont.woff in Resources */ = {isa = PBXBuildFile; fileRef = 3697F90630CB45B0AEEED8C3 /* geomanist-regular-webfont.woff */; };
		00E356F31AD99517003FC87E /* react_native_storybook_starterTests.m in Sources */ = {isa = PBXBuildFile; fileRef = 00E356F21AD99517003FC87E /* react_native_storybook_starterTests.m */; };
		031F49F4C1F44FC9A5426F79 /* geomanist-thin-webfont.ttf in Resources */ = {isa = PBXBuildFile; fileRef = 4EEC67E8C7D642F8BB3235EC /* geomanist-thin-webfont.ttf */; };
		0C80B921A6F3F58F76C31292 /* libPods-react_native_storybook_starter.a in Frameworks */ = {isa = PBXBuildFile; fileRef = 5DCACB8F33CDC322A6C60F78 /* libPods-react_native_storybook_starter.a */; };
		13B07FBC1A68108700A75B9A /* AppDelegate.mm in Sources */ = {isa = PBXBuildFile; fileRef = 13B07FB01A68108700A75B9A /* AppDelegate.mm */; };
		13B07FBF1A68108700A75B9A /* Images.xcassets in Resources */ = {isa = PBXBuildFile; fileRef = 13B07FB51A68108700A75B9A /* Images.xcassets */; };
		13B07FC11A68108700A75B9A /* main.m in Sources */ = {isa = PBXBuildFile; fileRef = 13B07FB71A68108700A75B9A /* main.m */; };
		14A18499C8B44BC19BCC8BBD /* geomanist-light-webfont.woff2 in Resources */ = {isa = PBXBuildFile; fileRef = 7CF077DB2AFD447B96CB997F /* geomanist-light-webfont.woff2 */; };
		1BA860A3F35C4AEC8EDD8786 /* geomanist-regular-webfont.woff2 in Resources */ = {isa = PBXBuildFile; fileRef = 6545D0505B6B4D47B5400156 /* geomanist-regular-webfont.woff2 */; };
		204EB62A339D43F5B50D9F78 /* geomanist-light-webfont.woff in Resources */ = {isa = PBXBuildFile; fileRef = 5DC275868358401789F351A9 /* geomanist-light-webfont.woff */; };
		23016BC71D264CA1A027F675 /* Geomanist-Ultra.otf in Resources */ = {isa = PBXBuildFile; fileRef = 16AAA80639FA45D09C826781 /* Geomanist-Ultra.otf */; };
		2F8D5DB74B584A7D8597A052 /* geomanist-bold-webfont.woff in Resources */ = {isa = PBXBuildFile; fileRef = AF3CC0BD086B44918696D93F /* geomanist-bold-webfont.woff */; };
		35A81DEC55B34AC295FBDDA7 /* Geomanist-Light.otf in Resources */ = {isa = PBXBuildFile; fileRef = 12AE7325CDE946E7AE73F8D9 /* Geomanist-Light.otf */; };
		3C764AA42383400DBD07CAB2 /* Geomanist-Book.otf in Resources */ = {isa = PBXBuildFile; fileRef = 1DD8CB338EBB4E5697327742 /* Geomanist-Book.otf */; };
		3FAE20B224D5473D9808D986 /* geomanist-ultra-webfont.woff2 in Resources */ = {isa = PBXBuildFile; fileRef = 919923BA9B894098BB5D51AE /* geomanist-ultra-webfont.woff2 */; };
		4072B516FAE246C0A77D354C /* geomanist-bold-webfont.ttf in Resources */ = {isa = PBXBuildFile; fileRef = DDBADAF10C7D4D4E972E2007 /* geomanist-bold-webfont.ttf */; };
		4419001FCA194A619E3C80E2 /* geomanist-black-webfont.woff2 in Resources */ = {isa = PBXBuildFile; fileRef = 24B443AEC1C14C95B1D79036 /* geomanist-black-webfont.woff2 */; };
		4E30FB0CEB6A4B17B8A02E86 /* geomanist-extralight-webfont.woff2 in Resources */ = {isa = PBXBuildFile; fileRef = 1486D985B2864B84B27210A6 /* geomanist-extralight-webfont.woff2 */; };
		58A55A54EE484E6F92A2C564 /* geomanist-regular-webfont.ttf in Resources */ = {isa = PBXBuildFile; fileRef = 682F3B7626D2443F95A7F87A /* geomanist-regular-webfont.ttf */; };
		5AC035226D0E45BB871DB8CE /* geomanist-black-webfont.woff in Resources */ = {isa = PBXBuildFile; fileRef = A4676A8514C24AAD82684549 /* geomanist-black-webfont.woff */; };
		7699B88040F8A987B510C191 /* libPods-react_native_storybook_starter-react_native_storybook_starterTests.a in Frameworks */ = {isa = PBXBuildFile; fileRef = 19F6CBCC0A4E27FBF8BF4A61 /* libPods-react_native_storybook_starter-react_native_storybook_starterTests.a */; };
		7D41DFA5A92E41489D3F8703 /* geomanist-book-webfont.woff in Resources */ = {isa = PBXBuildFile; fileRef = DDDD71C3C89542EF88C0CA5B /* geomanist-book-webfont.woff */; };
		7DE174877E744940B7D63A2F /* geomanist-ultra-webfont.woff in Resources */ = {isa = PBXBuildFile; fileRef = D43A7FA188AE408596DB61EF /* geomanist-ultra-webfont.woff */; };
		817C3E20C9754B21AA9DC85C /* geomanist-book-webfont.woff2 in Resources */ = {isa = PBXBuildFile; fileRef = C4B0DE4EED354C688C26B28A /* geomanist-book-webfont.woff2 */; };
		81AB9BB82411601600AC10FF /* LaunchScreen.storyboard in Resources */ = {isa = PBXBuildFile; fileRef = 81AB9BB72411601600AC10FF /* LaunchScreen.storyboard */; };
		82506AC89D34432C8AA4AA32 /* geomanist-medium-webfont.woff2 in Resources */ = {isa = PBXBuildFile; fileRef = 9F87500C38364B4D95963551 /* geomanist-medium-webfont.woff2 */; };
		90DB6656E5D74328AA5F6E19 /* geomanist-black-webfont.ttf in Resources */ = {isa = PBXBuildFile; fileRef = 218A0F9E4C4642319F63713F /* geomanist-black-webfont.ttf */; };
		914B209DECA24911A74E8CC0 /* Pacifico.ttf in Resources */ = {isa = PBXBuildFile; fileRef = 52332665882646ECA7739BF2 /* Pacifico.ttf */; };
		92722ED3D8C2449BAA29CA98 /* geomanist-medium-webfont.woff in Resources */ = {isa = PBXBuildFile; fileRef = 30AAEC965555486EB3750FA6 /* geomanist-medium-webfont.woff */; };
		A3C5D7B6B86A4FF98677FC61 /* Geomanist-Bold.otf in Resources */ = {isa = PBXBuildFile; fileRef = A9176B4486964B55A5C2BCEF /* Geomanist-Bold.otf */; };
		AE8118A4007A4034B17C5869 /* Geomanist-Thin.otf in Resources */ = {isa = PBXBuildFile; fileRef = 0708100EDF0746369E20C606 /* Geomanist-Thin.otf */; };
		BC38F80D90AF409492677852 /* Geomanist-Regular.otf in Resources */ = {isa = PBXBuildFile; fileRef = 4C7BA2A5276745A59D65318D /* Geomanist-Regular.otf */; };
		C43EDD7550E541C18BD23051 /* geomanist-thin-webfont.woff2 in Resources */ = {isa = PBXBuildFile; fileRef = C5C66B2D80DD4D0FA6811062 /* geomanist-thin-webfont.woff2 */; };
		C9C3C569761F45C7AAAB9283 /* geomanist-bold-webfont.woff2 in Resources */ = {isa = PBXBuildFile; fileRef = DE3C0A9E8CA7488992702361 /* geomanist-bold-webfont.woff2 */; };
		CCCAE66131334611A7C6F0CB /* Geomanist-ExtraLight.otf in Resources */ = {isa = PBXBuildFile; fileRef = 655ADB4DA12A4CFC9ED4D01A /* Geomanist-ExtraLight.otf */; };
		CD0FF0A4633C4726B337D0B6 /* geomanist-medium-webfont.ttf in Resources */ = {isa = PBXBuildFile; fileRef = 6CF11975ACA443CA9152E684 /* geomanist-medium-webfont.ttf */; };
		D4B5A7561FD0449E9893E04F /* geomanist-light-webfont.ttf in Resources */ = {isa = PBXBuildFile; fileRef = CA52A16E744E448EBAF63B54 /* geomanist-light-webfont.ttf */; };
		D536AA22B87C4E938E1E6A42 /* Geomanist-Medium.otf in Resources */ = {isa = PBXBuildFile; fileRef = 481F06FB07B94B23A8BC79E0 /* Geomanist-Medium.otf */; };
		E4E43165F2B5443BB5A53115 /* geomanist-extralight-webfont.ttf in Resources */ = {isa = PBXBuildFile; fileRef = C305AE52555B4C4CAA25E931 /* geomanist-extralight-webfont.ttf */; };
		F5265F6E5FE24723B599EE19 /* geomanist-thin-webfont.woff in Resources */ = {isa = PBXBuildFile; fileRef = 6E9453FB3152463B8D72A900 /* geomanist-thin-webfont.woff */; };
		F5579DA7FE674BCA88E40298 /* geomanist-ultra-webfont.ttf in Resources */ = {isa = PBXBuildFile; fileRef = D8C7454A000A4083B411F945 /* geomanist-ultra-webfont.ttf */; };
		F9C0936FA8554CACBEED7D4D /* geomanist-extralight-webfont.woff in Resources */ = {isa = PBXBuildFile; fileRef = 3516996298A949FDAFF2C8DD /* geomanist-extralight-webfont.woff */; };
		FA98EE1BF2B947FCADF6D226 /* GreatVibes-Regular.otf in Resources */ = {isa = PBXBuildFile; fileRef = 345E5D78267D497FAAD3D63B /* GreatVibes-Regular.otf */; };
		FCA75130767A44C59BE65822 /* geomanist-book-webfont.ttf in Resources */ = {isa = PBXBuildFile; fileRef = B89B230656CD429286DB3758 /* geomanist-book-webfont.ttf */; };
		FEB8056211554A689EBE62AC /* Geomanist-Black.otf in Resources */ = {isa = PBXBuildFile; fileRef = 88AEE2E6C8DA461DB3218377 /* Geomanist-Black.otf */; };
/* End PBXBuildFile section */

/* Begin PBXContainerItemProxy section */
		00E356F41AD99517003FC87E /* PBXContainerItemProxy */ = {
			isa = PBXContainerItemProxy;
			containerPortal = 83CBB9F71A601CBA00E9B192 /* Project object */;
			proxyType = 1;
			remoteGlobalIDString = 13B07F861A680F5B00A75B9A;
			remoteInfo = react_native_storybook_starter;
		};
/* End PBXContainerItemProxy section */

/* Begin PBXFileReference section */
		00E356EE1AD99517003FC87E /* react_native_storybook_starterTests.xctest */ = {isa = PBXFileReference; explicitFileType = wrapper.cfbundle; includeInIndex = 0; path = react_native_storybook_starterTests.xctest; sourceTree = BUILT_PRODUCTS_DIR; };
		00E356F11AD99517003FC87E /* Info.plist */ = {isa = PBXFileReference; lastKnownFileType = text.plist.xml; path = Info.plist; sourceTree = "<group>"; };
		00E356F21AD99517003FC87E /* react_native_storybook_starterTests.m */ = {isa = PBXFileReference; lastKnownFileType = sourcecode.c.objc; path = react_native_storybook_starterTests.m; sourceTree = "<group>"; };
		0708100EDF0746369E20C606 /* Geomanist-Thin.otf */ = {isa = PBXFileReference; explicitFileType = undefined; fileEncoding = undefined; includeInIndex = 0; lastKnownFileType = unknown; name = "Geomanist-Thin.otf"; path = "../src/assets/fonts/Geomanist-Thin.otf"; sourceTree = "<group>"; };
		12AE7325CDE946E7AE73F8D9 /* Geomanist-Light.otf */ = {isa = PBXFileReference; explicitFileType = undefined; fileEncoding = undefined; includeInIndex = 0; lastKnownFileType = unknown; name = "Geomanist-Light.otf"; path = "../src/assets/fonts/Geomanist-Light.otf"; sourceTree = "<group>"; };
		13B07F961A680F5B00A75B9A /* react_native_storybook_starter.app */ = {isa = PBXFileReference; explicitFileType = wrapper.application; includeInIndex = 0; path = react_native_storybook_starter.app; sourceTree = BUILT_PRODUCTS_DIR; };
		13B07FAF1A68108700A75B9A /* AppDelegate.h */ = {isa = PBXFileReference; fileEncoding = 4; lastKnownFileType = sourcecode.c.h; name = AppDelegate.h; path = react_native_storybook_starter/AppDelegate.h; sourceTree = "<group>"; };
		13B07FB01A68108700A75B9A /* AppDelegate.mm */ = {isa = PBXFileReference; fileEncoding = 4; lastKnownFileType = sourcecode.cpp.objcpp; name = AppDelegate.mm; path = react_native_storybook_starter/AppDelegate.mm; sourceTree = "<group>"; };
		13B07FB51A68108700A75B9A /* Images.xcassets */ = {isa = PBXFileReference; lastKnownFileType = folder.assetcatalog; name = Images.xcassets; path = react_native_storybook_starter/Images.xcassets; sourceTree = "<group>"; };
		13B07FB61A68108700A75B9A /* Info.plist */ = {isa = PBXFileReference; fileEncoding = 4; lastKnownFileType = text.plist.xml; name = Info.plist; path = react_native_storybook_starter/Info.plist; sourceTree = "<group>"; };
		13B07FB71A68108700A75B9A /* main.m */ = {isa = PBXFileReference; fileEncoding = 4; lastKnownFileType = sourcecode.c.objc; name = main.m; path = react_native_storybook_starter/main.m; sourceTree = "<group>"; };
		1486D985B2864B84B27210A6 /* geomanist-extralight-webfont.woff2 */ = {isa = PBXFileReference; explicitFileType = undefined; fileEncoding = undefined; includeInIndex = 0; lastKnownFileType = unknown; name = "geomanist-extralight-webfont.woff2"; path = "../src/assets/fonts/geomanist-extralight-webfont.woff2"; sourceTree = "<group>"; };
		16AAA80639FA45D09C826781 /* Geomanist-Ultra.otf */ = {isa = PBXFileReference; explicitFileType = undefined; fileEncoding = undefined; includeInIndex = 0; lastKnownFileType = unknown; name = "Geomanist-Ultra.otf"; path = "../src/assets/fonts/Geomanist-Ultra.otf"; sourceTree = "<group>"; };
		19F6CBCC0A4E27FBF8BF4A61 /* libPods-react_native_storybook_starter-react_native_storybook_starterTests.a */ = {isa = PBXFileReference; explicitFileType = archive.ar; includeInIndex = 0; path = "libPods-react_native_storybook_starter-react_native_storybook_starterTests.a"; sourceTree = BUILT_PRODUCTS_DIR; };
		1DD8CB338EBB4E5697327742 /* Geomanist-Book.otf */ = {isa = PBXFileReference; explicitFileType = undefined; fileEncoding = undefined; includeInIndex = 0; lastKnownFileType = unknown; name = "Geomanist-Book.otf"; path = "../src/assets/fonts/Geomanist-Book.otf"; sourceTree = "<group>"; };
		218A0F9E4C4642319F63713F /* geomanist-black-webfont.ttf */ = {isa = PBXFileReference; explicitFileType = undefined; fileEncoding = undefined; includeInIndex = 0; lastKnownFileType = unknown; name = "geomanist-black-webfont.ttf"; path = "../src/assets/fonts/geomanist-black-webfont.ttf"; sourceTree = "<group>"; };
		24B443AEC1C14C95B1D79036 /* geomanist-black-webfont.woff2 */ = {isa = PBXFileReference; explicitFileType = undefined; fileEncoding = undefined; includeInIndex = 0; lastKnownFileType = unknown; name = "geomanist-black-webfont.woff2"; path = "../src/assets/fonts/geomanist-black-webfont.woff2"; sourceTree = "<group>"; };
		30AAEC965555486EB3750FA6 /* geomanist-medium-webfont.woff */ = {isa = PBXFileReference; explicitFileType = undefined; fileEncoding = undefined; includeInIndex = 0; lastKnownFileType = unknown; name = "geomanist-medium-webfont.woff"; path = "../src/assets/fonts/geomanist-medium-webfont.woff"; sourceTree = "<group>"; };
		345E5D78267D497FAAD3D63B /* GreatVibes-Regular.otf */ = {isa = PBXFileReference; explicitFileType = undefined; fileEncoding = undefined; includeInIndex = 0; lastKnownFileType = unknown; name = "GreatVibes-Regular.otf"; path = "../src/assets/fonts/GreatVibes-Regular.otf"; sourceTree = "<group>"; };
		3516996298A949FDAFF2C8DD /* geomanist-extralight-webfont.woff */ = {isa = PBXFileReference; explicitFileType = undefined; fileEncoding = undefined; includeInIndex = 0; lastKnownFileType = unknown; name = "geomanist-extralight-webfont.woff"; path = "../src/assets/fonts/geomanist-extralight-webfont.woff"; sourceTree = "<group>"; };
		3697F90630CB45B0AEEED8C3 /* geomanist-regular-webfont.woff */ = {isa = PBXFileReference; explicitFileType = undefined; fileEncoding = undefined; includeInIndex = 0; lastKnownFileType = unknown; name = "geomanist-regular-webfont.woff"; path = "../src/assets/fonts/geomanist-regular-webfont.woff"; sourceTree = "<group>"; };
		3B4392A12AC88292D35C810B /* Pods-react_native_storybook_starter.debug.xcconfig */ = {isa = PBXFileReference; includeInIndex = 1; lastKnownFileType = text.xcconfig; name = "Pods-react_native_storybook_starter.debug.xcconfig"; path = "Target Support Files/Pods-react_native_storybook_starter/Pods-react_native_storybook_starter.debug.xcconfig"; sourceTree = "<group>"; };
		481F06FB07B94B23A8BC79E0 /* Geomanist-Medium.otf */ = {isa = PBXFileReference; explicitFileType = undefined; fileEncoding = undefined; includeInIndex = 0; lastKnownFileType = unknown; name = "Geomanist-Medium.otf"; path = "../src/assets/fonts/Geomanist-Medium.otf"; sourceTree = "<group>"; };
		4C7BA2A5276745A59D65318D /* Geomanist-Regular.otf */ = {isa = PBXFileReference; explicitFileType = undefined; fileEncoding = undefined; includeInIndex = 0; lastKnownFileType = unknown; name = "Geomanist-Regular.otf"; path = "../src/assets/fonts/Geomanist-Regular.otf"; sourceTree = "<group>"; };
		4EEC67E8C7D642F8BB3235EC /* geomanist-thin-webfont.ttf */ = {isa = PBXFileReference; explicitFileType = undefined; fileEncoding = undefined; includeInIndex = 0; lastKnownFileType = unknown; name = "geomanist-thin-webfont.ttf"; path = "../src/assets/fonts/geomanist-thin-webfont.ttf"; sourceTree = "<group>"; };
		52332665882646ECA7739BF2 /* Pacifico.ttf */ = {isa = PBXFileReference; explicitFileType = undefined; fileEncoding = undefined; includeInIndex = 0; lastKnownFileType = unknown; name = Pacifico.ttf; path = ../src/assets/fonts/Pacifico.ttf; sourceTree = "<group>"; };
		5709B34CF0A7D63546082F79 /* Pods-react_native_storybook_starter.release.xcconfig */ = {isa = PBXFileReference; includeInIndex = 1; lastKnownFileType = text.xcconfig; name = "Pods-react_native_storybook_starter.release.xcconfig"; path = "Target Support Files/Pods-react_native_storybook_starter/Pods-react_native_storybook_starter.release.xcconfig"; sourceTree = "<group>"; };
		5B7EB9410499542E8C5724F5 /* Pods-react_native_storybook_starter-react_native_storybook_starterTests.debug.xcconfig */ = {isa = PBXFileReference; includeInIndex = 1; lastKnownFileType = text.xcconfig; name = "Pods-react_native_storybook_starter-react_native_storybook_starterTests.debug.xcconfig"; path = "Target Support Files/Pods-react_native_storybook_starter-react_native_storybook_starterTests/Pods-react_native_storybook_starter-react_native_storybook_starterTests.debug.xcconfig"; sourceTree = "<group>"; };
		5DC275868358401789F351A9 /* geomanist-light-webfont.woff */ = {isa = PBXFileReference; explicitFileType = undefined; fileEncoding = undefined; includeInIndex = 0; lastKnownFileType = unknown; name = "geomanist-light-webfont.woff"; path = "../src/assets/fonts/geomanist-light-webfont.woff"; sourceTree = "<group>"; };
		5DCACB8F33CDC322A6C60F78 /* libPods-react_native_storybook_starter.a */ = {isa = PBXFileReference; explicitFileType = archive.ar; includeInIndex = 0; path = "libPods-react_native_storybook_starter.a"; sourceTree = BUILT_PRODUCTS_DIR; };
		6545D0505B6B4D47B5400156 /* geomanist-regular-webfont.woff2 */ = {isa = PBXFileReference; explicitFileType = undefined; fileEncoding = undefined; includeInIndex = 0; lastKnownFileType = unknown; name = "geomanist-regular-webfont.woff2"; path = "../src/assets/fonts/geomanist-regular-webfont.woff2"; sourceTree = "<group>"; };
		655ADB4DA12A4CFC9ED4D01A /* Geomanist-ExtraLight.otf */ = {isa = PBXFileReference; explicitFileType = undefined; fileEncoding = undefined; includeInIndex = 0; lastKnownFileType = unknown; name = "Geomanist-ExtraLight.otf"; path = "../src/assets/fonts/Geomanist-ExtraLight.otf"; sourceTree = "<group>"; };
		682F3B7626D2443F95A7F87A /* geomanist-regular-webfont.ttf */ = {isa = PBXFileReference; explicitFileType = undefined; fileEncoding = undefined; includeInIndex = 0; lastKnownFileType = unknown; name = "geomanist-regular-webfont.ttf"; path = "../src/assets/fonts/geomanist-regular-webfont.ttf"; sourceTree = "<group>"; };
		6CF11975ACA443CA9152E684 /* geomanist-medium-webfont.ttf */ = {isa = PBXFileReference; explicitFileType = undefined; fileEncoding = undefined; includeInIndex = 0; lastKnownFileType = unknown; name = "geomanist-medium-webfont.ttf"; path = "../src/assets/fonts/geomanist-medium-webfont.ttf"; sourceTree = "<group>"; };
		6E9453FB3152463B8D72A900 /* geomanist-thin-webfont.woff */ = {isa = PBXFileReference; explicitFileType = undefined; fileEncoding = undefined; includeInIndex = 0; lastKnownFileType = unknown; name = "geomanist-thin-webfont.woff"; path = "../src/assets/fonts/geomanist-thin-webfont.woff"; sourceTree = "<group>"; };
		7CF077DB2AFD447B96CB997F /* geomanist-light-webfont.woff2 */ = {isa = PBXFileReference; explicitFileType = undefined; fileEncoding = undefined; includeInIndex = 0; lastKnownFileType = unknown; name = "geomanist-light-webfont.woff2"; path = "../src/assets/fonts/geomanist-light-webfont.woff2"; sourceTree = "<group>"; };
		81AB9BB72411601600AC10FF /* LaunchScreen.storyboard */ = {isa = PBXFileReference; fileEncoding = 4; lastKnownFileType = file.storyboard; name = LaunchScreen.storyboard; path = react_native_storybook_starter/LaunchScreen.storyboard; sourceTree = "<group>"; };
		88AEE2E6C8DA461DB3218377 /* Geomanist-Black.otf */ = {isa = PBXFileReference; explicitFileType = undefined; fileEncoding = undefined; includeInIndex = 0; lastKnownFileType = unknown; name = "Geomanist-Black.otf"; path = "../src/assets/fonts/Geomanist-Black.otf"; sourceTree = "<group>"; };
		89C6BE57DB24E9ADA2F236DE /* Pods-react_native_storybook_starter-react_native_storybook_starterTests.release.xcconfig */ = {isa = PBXFileReference; includeInIndex = 1; lastKnownFileType = text.xcconfig; name = "Pods-react_native_storybook_starter-react_native_storybook_starterTests.release.xcconfig"; path = "Target Support Files/Pods-react_native_storybook_starter-react_native_storybook_starterTests/Pods-react_native_storybook_starter-react_native_storybook_starterTests.release.xcconfig"; sourceTree = "<group>"; };
		919923BA9B894098BB5D51AE /* geomanist-ultra-webfont.woff2 */ = {isa = PBXFileReference; explicitFileType = undefined; fileEncoding = undefined; includeInIndex = 0; lastKnownFileType = unknown; name = "geomanist-ultra-webfont.woff2"; path = "../src/assets/fonts/geomanist-ultra-webfont.woff2"; sourceTree = "<group>"; };
		9F87500C38364B4D95963551 /* geomanist-medium-webfont.woff2 */ = {isa = PBXFileReference; explicitFileType = undefined; fileEncoding = undefined; includeInIndex = 0; lastKnownFileType = unknown; name = "geomanist-medium-webfont.woff2"; path = "../src/assets/fonts/geomanist-medium-webfont.woff2"; sourceTree = "<group>"; };
		A4676A8514C24AAD82684549 /* geomanist-black-webfont.woff */ = {isa = PBXFileReference; explicitFileType = undefined; fileEncoding = undefined; includeInIndex = 0; lastKnownFileType = unknown; name = "geomanist-black-webfont.woff"; path = "../src/assets/fonts/geomanist-black-webfont.woff"; sourceTree = "<group>"; };
		A9176B4486964B55A5C2BCEF /* Geomanist-Bold.otf */ = {isa = PBXFileReference; explicitFileType = undefined; fileEncoding = undefined; includeInIndex = 0; lastKnownFileType = unknown; name = "Geomanist-Bold.otf"; path = "../src/assets/fonts/Geomanist-Bold.otf"; sourceTree = "<group>"; };
		AF3CC0BD086B44918696D93F /* geomanist-bold-webfont.woff */ = {isa = PBXFileReference; explicitFileType = undefined; fileEncoding = undefined; includeInIndex = 0; lastKnownFileType = unknown; name = "geomanist-bold-webfont.woff"; path = "../src/assets/fonts/geomanist-bold-webfont.woff"; sourceTree = "<group>"; };
		B89B230656CD429286DB3758 /* geomanist-book-webfont.ttf */ = {isa = PBXFileReference; explicitFileType = undefined; fileEncoding = undefined; includeInIndex = 0; lastKnownFileType = unknown; name = "geomanist-book-webfont.ttf"; path = "../src/assets/fonts/geomanist-book-webfont.ttf"; sourceTree = "<group>"; };
		C305AE52555B4C4CAA25E931 /* geomanist-extralight-webfont.ttf */ = {isa = PBXFileReference; explicitFileType = undefined; fileEncoding = undefined; includeInIndex = 0; lastKnownFileType = unknown; name = "geomanist-extralight-webfont.ttf"; path = "../src/assets/fonts/geomanist-extralight-webfont.ttf"; sourceTree = "<group>"; };
		C4B0DE4EED354C688C26B28A /* geomanist-book-webfont.woff2 */ = {isa = PBXFileReference; explicitFileType = undefined; fileEncoding = undefined; includeInIndex = 0; lastKnownFileType = unknown; name = "geomanist-book-webfont.woff2"; path = "../src/assets/fonts/geomanist-book-webfont.woff2"; sourceTree = "<group>"; };
		C5C66B2D80DD4D0FA6811062 /* geomanist-thin-webfont.woff2 */ = {isa = PBXFileReference; explicitFileType = undefined; fileEncoding = undefined; includeInIndex = 0; lastKnownFileType = unknown; name = "geomanist-thin-webfont.woff2"; path = "../src/assets/fonts/geomanist-thin-webfont.woff2"; sourceTree = "<group>"; };
		CA52A16E744E448EBAF63B54 /* geomanist-light-webfont.ttf */ = {isa = PBXFileReference; explicitFileType = undefined; fileEncoding = undefined; includeInIndex = 0; lastKnownFileType = unknown; name = "geomanist-light-webfont.ttf"; path = "../src/assets/fonts/geomanist-light-webfont.ttf"; sourceTree = "<group>"; };
		D43A7FA188AE408596DB61EF /* geomanist-ultra-webfont.woff */ = {isa = PBXFileReference; explicitFileType = undefined; fileEncoding = undefined; includeInIndex = 0; lastKnownFileType = unknown; name = "geomanist-ultra-webfont.woff"; path = "../src/assets/fonts/geomanist-ultra-webfont.woff"; sourceTree = "<group>"; };
		D8C7454A000A4083B411F945 /* geomanist-ultra-webfont.ttf */ = {isa = PBXFileReference; explicitFileType = undefined; fileEncoding = undefined; includeInIndex = 0; lastKnownFileType = unknown; name = "geomanist-ultra-webfont.ttf"; path = "../src/assets/fonts/geomanist-ultra-webfont.ttf"; sourceTree = "<group>"; };
		DDBADAF10C7D4D4E972E2007 /* geomanist-bold-webfont.ttf */ = {isa = PBXFileReference; explicitFileType = undefined; fileEncoding = undefined; includeInIndex = 0; lastKnownFileType = unknown; name = "geomanist-bold-webfont.ttf"; path = "../src/assets/fonts/geomanist-bold-webfont.ttf"; sourceTree = "<group>"; };
		DDDD71C3C89542EF88C0CA5B /* geomanist-book-webfont.woff */ = {isa = PBXFileReference; explicitFileType = undefined; fileEncoding = undefined; includeInIndex = 0; lastKnownFileType = unknown; name = "geomanist-book-webfont.woff"; path = "../src/assets/fonts/geomanist-book-webfont.woff"; sourceTree = "<group>"; };
		DE3C0A9E8CA7488992702361 /* geomanist-bold-webfont.woff2 */ = {isa = PBXFileReference; explicitFileType = undefined; fileEncoding = undefined; includeInIndex = 0; lastKnownFileType = unknown; name = "geomanist-bold-webfont.woff2"; path = "../src/assets/fonts/geomanist-bold-webfont.woff2"; sourceTree = "<group>"; };
		ED297162215061F000B7C4FE /* JavaScriptCore.framework */ = {isa = PBXFileReference; lastKnownFileType = wrapper.framework; name = JavaScriptCore.framework; path = System/Library/Frameworks/JavaScriptCore.framework; sourceTree = SDKROOT; };
/* End PBXFileReference section */

/* Begin PBXFrameworksBuildPhase section */
		00E356EB1AD99517003FC87E /* Frameworks */ = {
			isa = PBXFrameworksBuildPhase;
			buildActionMask = 2147483647;
			files = (
				7699B88040F8A987B510C191 /* libPods-react_native_storybook_starter-react_native_storybook_starterTests.a in Frameworks */,
			);
			runOnlyForDeploymentPostprocessing = 0;
		};
		13B07F8C1A680F5B00A75B9A /* Frameworks */ = {
			isa = PBXFrameworksBuildPhase;
			buildActionMask = 2147483647;
			files = (
				0C80B921A6F3F58F76C31292 /* libPods-react_native_storybook_starter.a in Frameworks */,
			);
			runOnlyForDeploymentPostprocessing = 0;
		};
/* End PBXFrameworksBuildPhase section */

/* Begin PBXGroup section */
		00E356EF1AD99517003FC87E /* react_native_storybook_starterTests */ = {
			isa = PBXGroup;
			children = (
				00E356F21AD99517003FC87E /* react_native_storybook_starterTests.m */,
				00E356F01AD99517003FC87E /* Supporting Files */,
			);
			path = react_native_storybook_starterTests;
			sourceTree = "<group>";
		};
		00E356F01AD99517003FC87E /* Supporting Files */ = {
			isa = PBXGroup;
			children = (
				00E356F11AD99517003FC87E /* Info.plist */,
			);
			name = "Supporting Files";
			sourceTree = "<group>";
		};
		13B07FAE1A68108700A75B9A /* react_native_storybook_starter */ = {
			isa = PBXGroup;
			children = (
				13B07FAF1A68108700A75B9A /* AppDelegate.h */,
				13B07FB01A68108700A75B9A /* AppDelegate.mm */,
				13B07FB51A68108700A75B9A /* Images.xcassets */,
				13B07FB61A68108700A75B9A /* Info.plist */,
				81AB9BB72411601600AC10FF /* LaunchScreen.storyboard */,
				13B07FB71A68108700A75B9A /* main.m */,
			);
			name = react_native_storybook_starter;
			sourceTree = "<group>";
		};
		2D16E6871FA4F8E400B85C8A /* Frameworks */ = {
			isa = PBXGroup;
			children = (
				ED297162215061F000B7C4FE /* JavaScriptCore.framework */,
				5DCACB8F33CDC322A6C60F78 /* libPods-react_native_storybook_starter.a */,
				19F6CBCC0A4E27FBF8BF4A61 /* libPods-react_native_storybook_starter-react_native_storybook_starterTests.a */,
			);
			name = Frameworks;
			sourceTree = "<group>";
		};
		832341AE1AAA6A7D00B99B32 /* Libraries */ = {
			isa = PBXGroup;
			children = (
			);
			name = Libraries;
			sourceTree = "<group>";
		};
		83CBB9F61A601CBA00E9B192 = {
			isa = PBXGroup;
			children = (
				13B07FAE1A68108700A75B9A /* react_native_storybook_starter */,
				832341AE1AAA6A7D00B99B32 /* Libraries */,
				00E356EF1AD99517003FC87E /* react_native_storybook_starterTests */,
				83CBBA001A601CBA00E9B192 /* Products */,
				2D16E6871FA4F8E400B85C8A /* Frameworks */,
				BBD78D7AC51CEA395F1C20DB /* Pods */,
				9ADBC16EF9F74042B73EEAE7 /* Resources */,
			);
			indentWidth = 2;
			sourceTree = "<group>";
			tabWidth = 2;
			usesTabs = 0;
		};
		83CBBA001A601CBA00E9B192 /* Products */ = {
			isa = PBXGroup;
			children = (
				13B07F961A680F5B00A75B9A /* react_native_storybook_starter.app */,
				00E356EE1AD99517003FC87E /* react_native_storybook_starterTests.xctest */,
			);
			name = Products;
			sourceTree = "<group>";
		};
		9ADBC16EF9F74042B73EEAE7 /* Resources */ = {
			isa = PBXGroup;
			children = (
				218A0F9E4C4642319F63713F /* geomanist-black-webfont.ttf */,
				A4676A8514C24AAD82684549 /* geomanist-black-webfont.woff */,
				24B443AEC1C14C95B1D79036 /* geomanist-black-webfont.woff2 */,
				88AEE2E6C8DA461DB3218377 /* Geomanist-Black.otf */,
				DDBADAF10C7D4D4E972E2007 /* geomanist-bold-webfont.ttf */,
				AF3CC0BD086B44918696D93F /* geomanist-bold-webfont.woff */,
				DE3C0A9E8CA7488992702361 /* geomanist-bold-webfont.woff2 */,
				A9176B4486964B55A5C2BCEF /* Geomanist-Bold.otf */,
				B89B230656CD429286DB3758 /* geomanist-book-webfont.ttf */,
				DDDD71C3C89542EF88C0CA5B /* geomanist-book-webfont.woff */,
				C4B0DE4EED354C688C26B28A /* geomanist-book-webfont.woff2 */,
				1DD8CB338EBB4E5697327742 /* Geomanist-Book.otf */,
				C305AE52555B4C4CAA25E931 /* geomanist-extralight-webfont.ttf */,
				3516996298A949FDAFF2C8DD /* geomanist-extralight-webfont.woff */,
				1486D985B2864B84B27210A6 /* geomanist-extralight-webfont.woff2 */,
				655ADB4DA12A4CFC9ED4D01A /* Geomanist-ExtraLight.otf */,
				CA52A16E744E448EBAF63B54 /* geomanist-light-webfont.ttf */,
				5DC275868358401789F351A9 /* geomanist-light-webfont.woff */,
				7CF077DB2AFD447B96CB997F /* geomanist-light-webfont.woff2 */,
				12AE7325CDE946E7AE73F8D9 /* Geomanist-Light.otf */,
				6CF11975ACA443CA9152E684 /* geomanist-medium-webfont.ttf */,
				30AAEC965555486EB3750FA6 /* geomanist-medium-webfont.woff */,
				9F87500C38364B4D95963551 /* geomanist-medium-webfont.woff2 */,
				481F06FB07B94B23A8BC79E0 /* Geomanist-Medium.otf */,
				682F3B7626D2443F95A7F87A /* geomanist-regular-webfont.ttf */,
				3697F90630CB45B0AEEED8C3 /* geomanist-regular-webfont.woff */,
				6545D0505B6B4D47B5400156 /* geomanist-regular-webfont.woff2 */,
				4C7BA2A5276745A59D65318D /* Geomanist-Regular.otf */,
				4EEC67E8C7D642F8BB3235EC /* geomanist-thin-webfont.ttf */,
				6E9453FB3152463B8D72A900 /* geomanist-thin-webfont.woff */,
				C5C66B2D80DD4D0FA6811062 /* geomanist-thin-webfont.woff2 */,
				0708100EDF0746369E20C606 /* Geomanist-Thin.otf */,
				D8C7454A000A4083B411F945 /* geomanist-ultra-webfont.ttf */,
				D43A7FA188AE408596DB61EF /* geomanist-ultra-webfont.woff */,
				919923BA9B894098BB5D51AE /* geomanist-ultra-webfont.woff2 */,
				16AAA80639FA45D09C826781 /* Geomanist-Ultra.otf */,
				345E5D78267D497FAAD3D63B /* GreatVibes-Regular.otf */,
				52332665882646ECA7739BF2 /* Pacifico.ttf */,
			);
			name = Resources;
			path = "";
			sourceTree = "<group>";
		};
		BBD78D7AC51CEA395F1C20DB /* Pods */ = {
			isa = PBXGroup;
			children = (
				3B4392A12AC88292D35C810B /* Pods-react_native_storybook_starter.debug.xcconfig */,
				5709B34CF0A7D63546082F79 /* Pods-react_native_storybook_starter.release.xcconfig */,
				5B7EB9410499542E8C5724F5 /* Pods-react_native_storybook_starter-react_native_storybook_starterTests.debug.xcconfig */,
				89C6BE57DB24E9ADA2F236DE /* Pods-react_native_storybook_starter-react_native_storybook_starterTests.release.xcconfig */,
			);
			path = Pods;
			sourceTree = "<group>";
		};
/* End PBXGroup section */

/* Begin PBXNativeTarget section */
		00E356ED1AD99517003FC87E /* react_native_storybook_starterTests */ = {
			isa = PBXNativeTarget;
			buildConfigurationList = 00E357021AD99517003FC87E /* Build configuration list for PBXNativeTarget "react_native_storybook_starterTests" */;
			buildPhases = (
				A55EABD7B0C7F3A422A6CC61 /* [CP] Check Pods Manifest.lock */,
				00E356EA1AD99517003FC87E /* Sources */,
				00E356EB1AD99517003FC87E /* Frameworks */,
				00E356EC1AD99517003FC87E /* Resources */,
				C59DA0FBD6956966B86A3779 /* [CP] Embed Pods Frameworks */,
				F6A41C54EA430FDDC6A6ED99 /* [CP] Copy Pods Resources */,
			);
			buildRules = (
			);
			dependencies = (
				00E356F51AD99517003FC87E /* PBXTargetDependency */,
			);
			name = react_native_storybook_starterTests;
			productName = react_native_storybook_starterTests;
			productReference = 00E356EE1AD99517003FC87E /* react_native_storybook_starterTests.xctest */;
			productType = "com.apple.product-type.bundle.unit-test";
		};
		13B07F861A680F5B00A75B9A /* react_native_storybook_starter */ = {
			isa = PBXNativeTarget;
			buildConfigurationList = 13B07F931A680F5B00A75B9A /* Build configuration list for PBXNativeTarget "react_native_storybook_starter" */;
			buildPhases = (
				C38B50BA6285516D6DCD4F65 /* [CP] Check Pods Manifest.lock */,
				FD10A7F022414F080027D42C /* Start Packager */,
				13B07F871A680F5B00A75B9A /* Sources */,
				13B07F8C1A680F5B00A75B9A /* Frameworks */,
				13B07F8E1A680F5B00A75B9A /* Resources */,
				00DD1BFF1BD5951E006B06BC /* Bundle React Native code and images */,
				00EEFC60759A1932668264C0 /* [CP] Embed Pods Frameworks */,
				E235C05ADACE081382539298 /* [CP] Copy Pods Resources */,
			);
			buildRules = (
			);
			dependencies = (
			);
			name = react_native_storybook_starter;
			productName = react_native_storybook_starter;
			productReference = 13B07F961A680F5B00A75B9A /* react_native_storybook_starter.app */;
			productType = "com.apple.product-type.application";
		};
/* End PBXNativeTarget section */

/* Begin PBXProject section */
		83CBB9F71A601CBA00E9B192 /* Project object */ = {
			isa = PBXProject;
			attributes = {
				LastUpgradeCheck = 1210;
				TargetAttributes = {
					00E356ED1AD99517003FC87E = {
						CreatedOnToolsVersion = 6.2;
						TestTargetID = 13B07F861A680F5B00A75B9A;
					};
					13B07F861A680F5B00A75B9A = {
						LastSwiftMigration = 1120;
					};
				};
			};
			buildConfigurationList = 83CBB9FA1A601CBA00E9B192 /* Build configuration list for PBXProject "react_native_storybook_starter" */;
			compatibilityVersion = "Xcode 12.0";
			developmentRegion = en;
			hasScannedForEncodings = 0;
			knownRegions = (
				en,
				Base,
			);
			mainGroup = 83CBB9F61A601CBA00E9B192;
			productRefGroup = 83CBBA001A601CBA00E9B192 /* Products */;
			projectDirPath = "";
			projectRoot = "";
			targets = (
				13B07F861A680F5B00A75B9A /* react_native_storybook_starter */,
				00E356ED1AD99517003FC87E /* react_native_storybook_starterTests */,
			);
		};
/* End PBXProject section */

/* Begin PBXResourcesBuildPhase section */
		00E356EC1AD99517003FC87E /* Resources */ = {
			isa = PBXResourcesBuildPhase;
			buildActionMask = 2147483647;
			files = (
			);
			runOnlyForDeploymentPostprocessing = 0;
		};
		13B07F8E1A680F5B00A75B9A /* Resources */ = {
			isa = PBXResourcesBuildPhase;
			buildActionMask = 2147483647;
			files = (
				81AB9BB82411601600AC10FF /* LaunchScreen.storyboard in Resources */,
				13B07FBF1A68108700A75B9A /* Images.xcassets in Resources */,
				90DB6656E5D74328AA5F6E19 /* geomanist-black-webfont.ttf in Resources */,
				5AC035226D0E45BB871DB8CE /* geomanist-black-webfont.woff in Resources */,
				4419001FCA194A619E3C80E2 /* geomanist-black-webfont.woff2 in Resources */,
				FEB8056211554A689EBE62AC /* Geomanist-Black.otf in Resources */,
				4072B516FAE246C0A77D354C /* geomanist-bold-webfont.ttf in Resources */,
				2F8D5DB74B584A7D8597A052 /* geomanist-bold-webfont.woff in Resources */,
				C9C3C569761F45C7AAAB9283 /* geomanist-bold-webfont.woff2 in Resources */,
				A3C5D7B6B86A4FF98677FC61 /* Geomanist-Bold.otf in Resources */,
				FCA75130767A44C59BE65822 /* geomanist-book-webfont.ttf in Resources */,
				7D41DFA5A92E41489D3F8703 /* geomanist-book-webfont.woff in Resources */,
				817C3E20C9754B21AA9DC85C /* geomanist-book-webfont.woff2 in Resources */,
				3C764AA42383400DBD07CAB2 /* Geomanist-Book.otf in Resources */,
				E4E43165F2B5443BB5A53115 /* geomanist-extralight-webfont.ttf in Resources */,
				F9C0936FA8554CACBEED7D4D /* geomanist-extralight-webfont.woff in Resources */,
				4E30FB0CEB6A4B17B8A02E86 /* geomanist-extralight-webfont.woff2 in Resources */,
				CCCAE66131334611A7C6F0CB /* Geomanist-ExtraLight.otf in Resources */,
				D4B5A7561FD0449E9893E04F /* geomanist-light-webfont.ttf in Resources */,
				204EB62A339D43F5B50D9F78 /* geomanist-light-webfont.woff in Resources */,
				14A18499C8B44BC19BCC8BBD /* geomanist-light-webfont.woff2 in Resources */,
				35A81DEC55B34AC295FBDDA7 /* Geomanist-Light.otf in Resources */,
				CD0FF0A4633C4726B337D0B6 /* geomanist-medium-webfont.ttf in Resources */,
				92722ED3D8C2449BAA29CA98 /* geomanist-medium-webfont.woff in Resources */,
				82506AC89D34432C8AA4AA32 /* geomanist-medium-webfont.woff2 in Resources */,
				D536AA22B87C4E938E1E6A42 /* Geomanist-Medium.otf in Resources */,
				58A55A54EE484E6F92A2C564 /* geomanist-regular-webfont.ttf in Resources */,
				009E860979B947B6A667B5AB /* geomanist-regular-webfont.woff in Resources */,
				1BA860A3F35C4AEC8EDD8786 /* geomanist-regular-webfont.woff2 in Resources */,
				BC38F80D90AF409492677852 /* Geomanist-Regular.otf in Resources */,
				031F49F4C1F44FC9A5426F79 /* geomanist-thin-webfont.ttf in Resources */,
				F5265F6E5FE24723B599EE19 /* geomanist-thin-webfont.woff in Resources */,
				C43EDD7550E541C18BD23051 /* geomanist-thin-webfont.woff2 in Resources */,
				AE8118A4007A4034B17C5869 /* Geomanist-Thin.otf in Resources */,
				F5579DA7FE674BCA88E40298 /* geomanist-ultra-webfont.ttf in Resources */,
				7DE174877E744940B7D63A2F /* geomanist-ultra-webfont.woff in Resources */,
				3FAE20B224D5473D9808D986 /* geomanist-ultra-webfont.woff2 in Resources */,
				23016BC71D264CA1A027F675 /* Geomanist-Ultra.otf in Resources */,
				FA98EE1BF2B947FCADF6D226 /* GreatVibes-Regular.otf in Resources */,
				914B209DECA24911A74E8CC0 /* Pacifico.ttf in Resources */,
			);
			runOnlyForDeploymentPostprocessing = 0;
		};
/* End PBXResourcesBuildPhase section */

/* Begin PBXShellScriptBuildPhase section */
		00DD1BFF1BD5951E006B06BC /* Bundle React Native code and images */ = {
			isa = PBXShellScriptBuildPhase;
			buildActionMask = 2147483647;
			files = (
			);
			inputPaths = (
				"$(SRCROOT)/.xcode.env.local",
				"$(SRCROOT)/.xcode.env",
			);
			name = "Bundle React Native code and images";
			outputPaths = (
			);
			runOnlyForDeploymentPostprocessing = 0;
			shellPath = /bin/sh;
			shellScript = "set -e\n\nWITH_ENVIRONMENT=\"../node_modules/react-native/scripts/xcode/with-environment.sh\"\nREACT_NATIVE_XCODE=\"../node_modules/react-native/scripts/react-native-xcode.sh\"\n\n/bin/sh -c \"$WITH_ENVIRONMENT $REACT_NATIVE_XCODE\"\n";
		};
		00EEFC60759A1932668264C0 /* [CP] Embed Pods Frameworks */ = {
			isa = PBXShellScriptBuildPhase;
			buildActionMask = 2147483647;
			files = (
			);
			inputFileListPaths = (
				"${PODS_ROOT}/Target Support Files/Pods-react_native_storybook_starter/Pods-react_native_storybook_starter-frameworks-${CONFIGURATION}-input-files.xcfilelist",
			);
			name = "[CP] Embed Pods Frameworks";
			outputFileListPaths = (
				"${PODS_ROOT}/Target Support Files/Pods-react_native_storybook_starter/Pods-react_native_storybook_starter-frameworks-${CONFIGURATION}-output-files.xcfilelist",
			);
			runOnlyForDeploymentPostprocessing = 0;
			shellPath = /bin/sh;
			shellScript = "\"${PODS_ROOT}/Target Support Files/Pods-react_native_storybook_starter/Pods-react_native_storybook_starter-frameworks.sh\"\n";
			showEnvVarsInLog = 0;
		};
		A55EABD7B0C7F3A422A6CC61 /* [CP] Check Pods Manifest.lock */ = {
			isa = PBXShellScriptBuildPhase;
			buildActionMask = 2147483647;
			files = (
			);
			inputFileListPaths = (
			);
			inputPaths = (
				"${PODS_PODFILE_DIR_PATH}/Podfile.lock",
				"${PODS_ROOT}/Manifest.lock",
			);
			name = "[CP] Check Pods Manifest.lock";
			outputFileListPaths = (
			);
			outputPaths = (
				"$(DERIVED_FILE_DIR)/Pods-react_native_storybook_starter-react_native_storybook_starterTests-checkManifestLockResult.txt",
			);
			runOnlyForDeploymentPostprocessing = 0;
			shellPath = /bin/sh;
			shellScript = "diff \"${PODS_PODFILE_DIR_PATH}/Podfile.lock\" \"${PODS_ROOT}/Manifest.lock\" > /dev/null\nif [ $? != 0 ] ; then\n    # print error to STDERR\n    echo \"error: The sandbox is not in sync with the Podfile.lock. Run 'pod install' or update your CocoaPods installation.\" >&2\n    exit 1\nfi\n# This output is used by Xcode 'outputs' to avoid re-running this script phase.\necho \"SUCCESS\" > \"${SCRIPT_OUTPUT_FILE_0}\"\n";
			showEnvVarsInLog = 0;
		};
		C38B50BA6285516D6DCD4F65 /* [CP] Check Pods Manifest.lock */ = {
			isa = PBXShellScriptBuildPhase;
			buildActionMask = 2147483647;
			files = (
			);
			inputFileListPaths = (
			);
			inputPaths = (
				"${PODS_PODFILE_DIR_PATH}/Podfile.lock",
				"${PODS_ROOT}/Manifest.lock",
			);
			name = "[CP] Check Pods Manifest.lock";
			outputFileListPaths = (
			);
			outputPaths = (
				"$(DERIVED_FILE_DIR)/Pods-react_native_storybook_starter-checkManifestLockResult.txt",
			);
			runOnlyForDeploymentPostprocessing = 0;
			shellPath = /bin/sh;
			shellScript = "diff \"${PODS_PODFILE_DIR_PATH}/Podfile.lock\" \"${PODS_ROOT}/Manifest.lock\" > /dev/null\nif [ $? != 0 ] ; then\n    # print error to STDERR\n    echo \"error: The sandbox is not in sync with the Podfile.lock. Run 'pod install' or update your CocoaPods installation.\" >&2\n    exit 1\nfi\n# This output is used by Xcode 'outputs' to avoid re-running this script phase.\necho \"SUCCESS\" > \"${SCRIPT_OUTPUT_FILE_0}\"\n";
			showEnvVarsInLog = 0;
		};
		C59DA0FBD6956966B86A3779 /* [CP] Embed Pods Frameworks */ = {
			isa = PBXShellScriptBuildPhase;
			buildActionMask = 2147483647;
			files = (
			);
			inputFileListPaths = (
				"${PODS_ROOT}/Target Support Files/Pods-react_native_storybook_starter-react_native_storybook_starterTests/Pods-react_native_storybook_starter-react_native_storybook_starterTests-frameworks-${CONFIGURATION}-input-files.xcfilelist",
			);
			name = "[CP] Embed Pods Frameworks";
			outputFileListPaths = (
				"${PODS_ROOT}/Target Support Files/Pods-react_native_storybook_starter-react_native_storybook_starterTests/Pods-react_native_storybook_starter-react_native_storybook_starterTests-frameworks-${CONFIGURATION}-output-files.xcfilelist",
			);
			runOnlyForDeploymentPostprocessing = 0;
			shellPath = /bin/sh;
			shellScript = "\"${PODS_ROOT}/Target Support Files/Pods-react_native_storybook_starter-react_native_storybook_starterTests/Pods-react_native_storybook_starter-react_native_storybook_starterTests-frameworks.sh\"\n";
			showEnvVarsInLog = 0;
		};
		E235C05ADACE081382539298 /* [CP] Copy Pods Resources */ = {
			isa = PBXShellScriptBuildPhase;
			buildActionMask = 2147483647;
			files = (
			);
			inputFileListPaths = (
				"${PODS_ROOT}/Target Support Files/Pods-react_native_storybook_starter/Pods-react_native_storybook_starter-resources-${CONFIGURATION}-input-files.xcfilelist",
			);
			name = "[CP] Copy Pods Resources";
			outputFileListPaths = (
				"${PODS_ROOT}/Target Support Files/Pods-react_native_storybook_starter/Pods-react_native_storybook_starter-resources-${CONFIGURATION}-output-files.xcfilelist",
			);
			runOnlyForDeploymentPostprocessing = 0;
			shellPath = /bin/sh;
			shellScript = "\"${PODS_ROOT}/Target Support Files/Pods-react_native_storybook_starter/Pods-react_native_storybook_starter-resources.sh\"\n";
			showEnvVarsInLog = 0;
		};
		F6A41C54EA430FDDC6A6ED99 /* [CP] Copy Pods Resources */ = {
			isa = PBXShellScriptBuildPhase;
			buildActionMask = 2147483647;
			files = (
			);
			inputFileListPaths = (
				"${PODS_ROOT}/Target Support Files/Pods-react_native_storybook_starter-react_native_storybook_starterTests/Pods-react_native_storybook_starter-react_native_storybook_starterTests-resources-${CONFIGURATION}-input-files.xcfilelist",
			);
			name = "[CP] Copy Pods Resources";
			outputFileListPaths = (
				"${PODS_ROOT}/Target Support Files/Pods-react_native_storybook_starter-react_native_storybook_starterTests/Pods-react_native_storybook_starter-react_native_storybook_starterTests-resources-${CONFIGURATION}-output-files.xcfilelist",
			);
			runOnlyForDeploymentPostprocessing = 0;
			shellPath = /bin/sh;
			shellScript = "\"${PODS_ROOT}/Target Support Files/Pods-react_native_storybook_starter-react_native_storybook_starterTests/Pods-react_native_storybook_starter-react_native_storybook_starterTests-resources.sh\"\n";
			showEnvVarsInLog = 0;
		};
		FD10A7F022414F080027D42C /* Start Packager */ = {
			isa = PBXShellScriptBuildPhase;
			buildActionMask = 2147483647;
			files = (
			);
			inputFileListPaths = (
			);
			inputPaths = (
			);
			name = "Start Packager";
			outputFileListPaths = (
			);
			outputPaths = (
			);
			runOnlyForDeploymentPostprocessing = 0;
			shellPath = /bin/sh;
			shellScript = "export RCT_METRO_PORT=\"${RCT_METRO_PORT:=8081}\"\necho \"export RCT_METRO_PORT=${RCT_METRO_PORT}\" > \"${SRCROOT}/../node_modules/react-native/scripts/.packager.env\"\nif [ -z \"${RCT_NO_LAUNCH_PACKAGER+xxx}\" ] ; then\n  if nc -w 5 -z localhost ${RCT_METRO_PORT} ; then\n    if ! curl -s \"http://localhost:${RCT_METRO_PORT}/status\" | grep -q \"packager-status:running\" ; then\n      echo \"Port ${RCT_METRO_PORT} already in use, packager is either not running or not running correctly\"\n      exit 2\n    fi\n  else\n    open \"$SRCROOT/../node_modules/react-native/scripts/launchPackager.command\" || echo \"Can't start packager automatically\"\n  fi\nfi\n";
			showEnvVarsInLog = 0;
		};
/* End PBXShellScriptBuildPhase section */

/* Begin PBXSourcesBuildPhase section */
		00E356EA1AD99517003FC87E /* Sources */ = {
			isa = PBXSourcesBuildPhase;
			buildActionMask = 2147483647;
			files = (
				00E356F31AD99517003FC87E /* react_native_storybook_starterTests.m in Sources */,
			);
			runOnlyForDeploymentPostprocessing = 0;
		};
		13B07F871A680F5B00A75B9A /* Sources */ = {
			isa = PBXSourcesBuildPhase;
			buildActionMask = 2147483647;
			files = (
				13B07FBC1A68108700A75B9A /* AppDelegate.mm in Sources */,
				13B07FC11A68108700A75B9A /* main.m in Sources */,
			);
			runOnlyForDeploymentPostprocessing = 0;
		};
/* End PBXSourcesBuildPhase section */

/* Begin PBXTargetDependency section */
		00E356F51AD99517003FC87E /* PBXTargetDependency */ = {
			isa = PBXTargetDependency;
			target = 13B07F861A680F5B00A75B9A /* react_native_storybook_starter */;
			targetProxy = 00E356F41AD99517003FC87E /* PBXContainerItemProxy */;
		};
/* End PBXTargetDependency section */

/* Begin XCBuildConfiguration section */
		00E356F61AD99517003FC87E /* Debug */ = {
			isa = XCBuildConfiguration;
			baseConfigurationReference = 5B7EB9410499542E8C5724F5 /* Pods-react_native_storybook_starter-react_native_storybook_starterTests.debug.xcconfig */;
			buildSettings = {
				BUNDLE_LOADER = "$(TEST_HOST)";
				GCC_PREPROCESSOR_DEFINITIONS = (
					"DEBUG=1",
					"$(inherited)",
				);
				INFOPLIST_FILE = react_native_storybook_starterTests/Info.plist;
				IPHONEOS_DEPLOYMENT_TARGET = 12.4;
				LD_RUNPATH_SEARCH_PATHS = (
					"$(inherited)",
					"@executable_path/Frameworks",
					"@loader_path/Frameworks",
				);
				OTHER_LDFLAGS = (
					"-ObjC",
					"-lc++",
					"$(inherited)",
				);
				PRODUCT_BUNDLE_IDENTIFIER = "org.reactjs.native.example.$(PRODUCT_NAME:rfc1034identifier)";
				PRODUCT_NAME = "$(TARGET_NAME)";
				TEST_HOST = "$(BUILT_PRODUCTS_DIR)/react_native_storybook_starter.app/react_native_storybook_starter";
			};
			name = Debug;
		};
		00E356F71AD99517003FC87E /* Release */ = {
			isa = XCBuildConfiguration;
			baseConfigurationReference = 89C6BE57DB24E9ADA2F236DE /* Pods-react_native_storybook_starter-react_native_storybook_starterTests.release.xcconfig */;
			buildSettings = {
				BUNDLE_LOADER = "$(TEST_HOST)";
				COPY_PHASE_STRIP = NO;
				INFOPLIST_FILE = react_native_storybook_starterTests/Info.plist;
				IPHONEOS_DEPLOYMENT_TARGET = 12.4;
				LD_RUNPATH_SEARCH_PATHS = (
					"$(inherited)",
					"@executable_path/Frameworks",
					"@loader_path/Frameworks",
				);
				OTHER_LDFLAGS = (
					"-ObjC",
					"-lc++",
					"$(inherited)",
				);
				PRODUCT_BUNDLE_IDENTIFIER = "org.reactjs.native.example.$(PRODUCT_NAME:rfc1034identifier)";
				PRODUCT_NAME = "$(TARGET_NAME)";
				TEST_HOST = "$(BUILT_PRODUCTS_DIR)/react_native_storybook_starter.app/react_native_storybook_starter";
			};
			name = Release;
		};
		13B07F941A680F5B00A75B9A /* Debug */ = {
			isa = XCBuildConfiguration;
			baseConfigurationReference = 3B4392A12AC88292D35C810B /* Pods-react_native_storybook_starter.debug.xcconfig */;
			buildSettings = {
				ASSETCATALOG_COMPILER_APPICON_NAME = AppIcon;
				CLANG_ENABLE_MODULES = YES;
				CURRENT_PROJECT_VERSION = 1;
				ENABLE_BITCODE = NO;
				INFOPLIST_FILE = react_native_storybook_starter/Info.plist;
				LD_RUNPATH_SEARCH_PATHS = (
					"$(inherited)",
					"@executable_path/Frameworks",
				);
				OTHER_LDFLAGS = (
					"$(inherited)",
					"-ObjC",
					"-lc++",
				);
				PRODUCT_BUNDLE_IDENTIFIER = "org.reactjs.native.example.$(PRODUCT_NAME:rfc1034identifier)";
				PRODUCT_NAME = react_native_storybook_starter;
				SWIFT_OPTIMIZATION_LEVEL = "-Onone";
				SWIFT_VERSION = 5.0;
				VERSIONING_SYSTEM = "apple-generic";
			};
			name = Debug;
		};
		13B07F951A680F5B00A75B9A /* Release */ = {
			isa = XCBuildConfiguration;
			baseConfigurationReference = 5709B34CF0A7D63546082F79 /* Pods-react_native_storybook_starter.release.xcconfig */;
			buildSettings = {
				ASSETCATALOG_COMPILER_APPICON_NAME = AppIcon;
				CLANG_ENABLE_MODULES = YES;
				CURRENT_PROJECT_VERSION = 1;
				INFOPLIST_FILE = react_native_storybook_starter/Info.plist;
				LD_RUNPATH_SEARCH_PATHS = (
					"$(inherited)",
					"@executable_path/Frameworks",
				);
				OTHER_LDFLAGS = (
					"$(inherited)",
					"-ObjC",
					"-lc++",
				);
				PRODUCT_BUNDLE_IDENTIFIER = "org.reactjs.native.example.$(PRODUCT_NAME:rfc1034identifier)";
				PRODUCT_NAME = react_native_storybook_starter;
				SWIFT_VERSION = 5.0;
				VERSIONING_SYSTEM = "apple-generic";
			};
			name = Release;
		};
		83CBBA201A601CBA00E9B192 /* Debug */ = {
			isa = XCBuildConfiguration;
			buildSettings = {
				ALWAYS_SEARCH_USER_PATHS = NO;
				CLANG_ANALYZER_LOCALIZABILITY_NONLOCALIZED = YES;
				CLANG_CXX_LANGUAGE_STANDARD = "c++17";
				CLANG_CXX_LIBRARY = "libc++";
				CLANG_ENABLE_MODULES = YES;
				CLANG_ENABLE_OBJC_ARC = YES;
				CLANG_WARN_BLOCK_CAPTURE_AUTORELEASING = YES;
				CLANG_WARN_BOOL_CONVERSION = YES;
				CLANG_WARN_COMMA = YES;
				CLANG_WARN_CONSTANT_CONVERSION = YES;
				CLANG_WARN_DEPRECATED_OBJC_IMPLEMENTATIONS = YES;
				CLANG_WARN_DIRECT_OBJC_ISA_USAGE = YES_ERROR;
				CLANG_WARN_EMPTY_BODY = YES;
				CLANG_WARN_ENUM_CONVERSION = YES;
				CLANG_WARN_INFINITE_RECURSION = YES;
				CLANG_WARN_INT_CONVERSION = YES;
				CLANG_WARN_NON_LITERAL_NULL_CONVERSION = YES;
				CLANG_WARN_OBJC_IMPLICIT_RETAIN_SELF = YES;
				CLANG_WARN_OBJC_LITERAL_CONVERSION = YES;
				CLANG_WARN_OBJC_ROOT_CLASS = YES_ERROR;
				CLANG_WARN_QUOTED_INCLUDE_IN_FRAMEWORK_HEADER = YES;
				CLANG_WARN_RANGE_LOOP_ANALYSIS = YES;
				CLANG_WARN_STRICT_PROTOTYPES = YES;
				CLANG_WARN_SUSPICIOUS_MOVE = YES;
				CLANG_WARN_UNREACHABLE_CODE = YES;
				CLANG_WARN__DUPLICATE_METHOD_MATCH = YES;
				"CODE_SIGN_IDENTITY[sdk=iphoneos*]" = "iPhone Developer";
				COPY_PHASE_STRIP = NO;
				ENABLE_STRICT_OBJC_MSGSEND = YES;
				ENABLE_TESTABILITY = YES;
				"EXCLUDED_ARCHS[sdk=iphonesimulator*]" = "";
				GCC_C_LANGUAGE_STANDARD = gnu99;
				GCC_DYNAMIC_NO_PIC = NO;
				GCC_NO_COMMON_BLOCKS = YES;
				GCC_OPTIMIZATION_LEVEL = 0;
				GCC_PREPROCESSOR_DEFINITIONS = (
					"DEBUG=1",
					"$(inherited)",
				);
				GCC_SYMBOLS_PRIVATE_EXTERN = NO;
				GCC_WARN_64_TO_32_BIT_CONVERSION = YES;
				GCC_WARN_ABOUT_RETURN_TYPE = YES_ERROR;
				GCC_WARN_UNDECLARED_SELECTOR = YES;
				GCC_WARN_UNINITIALIZED_AUTOS = YES_AGGRESSIVE;
				GCC_WARN_UNUSED_FUNCTION = YES;
				GCC_WARN_UNUSED_VARIABLE = YES;
				IPHONEOS_DEPLOYMENT_TARGET = 12.4;
				LD_RUNPATH_SEARCH_PATHS = (
					/usr/lib/swift,
					"$(inherited)",
				);
				LIBRARY_SEARCH_PATHS = (
					"\"$(SDKROOT)/usr/lib/swift\"",
					"\"$(TOOLCHAIN_DIR)/usr/lib/swift/$(PLATFORM_NAME)\"",
					"\"$(inherited)\"",
				);
				MTL_ENABLE_DEBUG_INFO = YES;
				ONLY_ACTIVE_ARCH = YES;
				OTHER_CPLUSPLUSFLAGS = (
					"$(OTHER_CFLAGS)",
					"-DFOLLY_NO_CONFIG",
					"-DFOLLY_MOBILE=1",
					"-DFOLLY_USE_LIBCPP=1",
				);
				REACT_NATIVE_PATH = "${PODS_ROOT}/../../node_modules/react-native";
				SDKROOT = iphoneos;
			};
			name = Debug;
		};
		83CBBA211A601CBA00E9B192 /* Release */ = {
			isa = XCBuildConfiguration;
			buildSettings = {
				ALWAYS_SEARCH_USER_PATHS = NO;
				CLANG_ANALYZER_LOCALIZABILITY_NONLOCALIZED = YES;
				CLANG_CXX_LANGUAGE_STANDARD = "c++17";
				CLANG_CXX_LIBRARY = "libc++";
				CLANG_ENABLE_MODULES = YES;
				CLANG_ENABLE_OBJC_ARC = YES;
				CLANG_WARN_BLOCK_CAPTURE_AUTORELEASING = YES;
				CLANG_WARN_BOOL_CONVERSION = YES;
				CLANG_WARN_COMMA = YES;
				CLANG_WARN_CONSTANT_CONVERSION = YES;
				CLANG_WARN_DEPRECATED_OBJC_IMPLEMENTATIONS = YES;
				CLANG_WARN_DIRECT_OBJC_ISA_USAGE = YES_ERROR;
				CLANG_WARN_EMPTY_BODY = YES;
				CLANG_WARN_ENUM_CONVERSION = YES;
				CLANG_WARN_INFINITE_RECURSION = YES;
				CLANG_WARN_INT_CONVERSION = YES;
				CLANG_WARN_NON_LITERAL_NULL_CONVERSION = YES;
				CLANG_WARN_OBJC_IMPLICIT_RETAIN_SELF = YES;
				CLANG_WARN_OBJC_LITERAL_CONVERSION = YES;
				CLANG_WARN_OBJC_ROOT_CLASS = YES_ERROR;
				CLANG_WARN_QUOTED_INCLUDE_IN_FRAMEWORK_HEADER = YES;
				CLANG_WARN_RANGE_LOOP_ANALYSIS = YES;
				CLANG_WARN_STRICT_PROTOTYPES = YES;
				CLANG_WARN_SUSPICIOUS_MOVE = YES;
				CLANG_WARN_UNREACHABLE_CODE = YES;
				CLANG_WARN__DUPLICATE_METHOD_MATCH = YES;
				"CODE_SIGN_IDENTITY[sdk=iphoneos*]" = "iPhone Developer";
				COPY_PHASE_STRIP = YES;
				ENABLE_NS_ASSERTIONS = NO;
				ENABLE_STRICT_OBJC_MSGSEND = YES;
				"EXCLUDED_ARCHS[sdk=iphonesimulator*]" = "";
				GCC_C_LANGUAGE_STANDARD = gnu99;
				GCC_NO_COMMON_BLOCKS = YES;
				GCC_WARN_64_TO_32_BIT_CONVERSION = YES;
				GCC_WARN_ABOUT_RETURN_TYPE = YES_ERROR;
				GCC_WARN_UNDECLARED_SELECTOR = YES;
				GCC_WARN_UNINITIALIZED_AUTOS = YES_AGGRESSIVE;
				GCC_WARN_UNUSED_FUNCTION = YES;
				GCC_WARN_UNUSED_VARIABLE = YES;
				IPHONEOS_DEPLOYMENT_TARGET = 12.4;
				LD_RUNPATH_SEARCH_PATHS = (
					/usr/lib/swift,
					"$(inherited)",
				);
				LIBRARY_SEARCH_PATHS = (
					"\"$(SDKROOT)/usr/lib/swift\"",
					"\"$(TOOLCHAIN_DIR)/usr/lib/swift/$(PLATFORM_NAME)\"",
					"\"$(inherited)\"",
				);
				MTL_ENABLE_DEBUG_INFO = NO;
				OTHER_CPLUSPLUSFLAGS = (
					"$(OTHER_CFLAGS)",
					"-DFOLLY_NO_CONFIG",
					"-DFOLLY_MOBILE=1",
					"-DFOLLY_USE_LIBCPP=1",
				);
				REACT_NATIVE_PATH = "${PODS_ROOT}/../../node_modules/react-native";
				SDKROOT = iphoneos;
				VALIDATE_PRODUCT = YES;
			};
			name = Release;
		};
/* End XCBuildConfiguration section */

/* Begin XCConfigurationList section */
		00E357021AD99517003FC87E /* Build configuration list for PBXNativeTarget "react_native_storybook_starterTests" */ = {
			isa = XCConfigurationList;
			buildConfigurations = (
				00E356F61AD99517003FC87E /* Debug */,
				00E356F71AD99517003FC87E /* Release */,
			);
			defaultConfigurationIsVisible = 0;
			defaultConfigurationName = Release;
		};
		13B07F931A680F5B00A75B9A /* Build configuration list for PBXNativeTarget "react_native_storybook_starter" */ = {
			isa = XCConfigurationList;
			buildConfigurations = (
				13B07F941A680F5B00A75B9A /* Debug */,
				13B07F951A680F5B00A75B9A /* Release */,
			);
			defaultConfigurationIsVisible = 0;
			defaultConfigurationName = Release;
		};
		83CBB9FA1A601CBA00E9B192 /* Build configuration list for PBXProject "react_native_storybook_starter" */ = {
			isa = XCConfigurationList;
			buildConfigurations = (
				83CBBA201A601CBA00E9B192 /* Debug */,
				83CBBA211A601CBA00E9B192 /* Release */,
			);
			defaultConfigurationIsVisible = 0;
			defaultConfigurationName = Release;
		};
/* End XCConfigurationList section */
	};
	rootObject = 83CBB9F71A601CBA00E9B192 /* Project object */;
}
